Microsoft Visual Studio Solution File, Format Version 10.00
# Visual Studio 2008
Project("{8BC9CEB8-8B4A-11D0-8D11-00A0C91BC942}") = "calib_hvr", "calib_hvr.vcproj", "{5FFAAEA5-A300-44C0-A725-607B98DE63AE}"
EndProject
Global
	GlobalSection(SolutionConfigurationPlatforms) = preSolution
		Debug|Win32 = Debug|Win32
		Release|Win32 = Release|Win32
	EndGlobalSection
	GlobalSection(ProjectConfigurationPlatforms) = postSolution
		{5FFAAEA5-A300-44C0-A725-607B98DE63AE}.Debug|Win32.ActiveCfg = Debug|Win32
		{5FFAAEA5-A300-44C0-A725-607B98DE63AE}.Debug|Win32.Build.0 = Debug|Win32
		{5FFAAEA5-A300-44C0-A725-607B98DE63AE}.Release|Win32.ActiveCfg = Release|Win32
		{5FFAAEA5-A300-44C0-A725-607B98DE63AE}.Release|Win32.Build.0 = Release|Win32
	EndGlobalSection
	GlobalSection(SolutionProperties) = preSolution
		HideSolutionNode = FALSE
	EndGlobalSection
EndGlobal
