Microsoft Visual Studio Solution File, Format Version 10.00
# Visual Studio 2008
Project("{8BC9CEB8-8B4A-11D0-8D11-00A0C91BC942}") = "calib_1000", "calib_1000.vcproj", "{89140F55-EC64-4BDF-B23C-3D426949737F}"
EndProject
Global
	GlobalSection(SolutionConfigurationPlatforms) = preSolution
		Debug|Win32 = Debug|Win32
		Release|Win32 = Release|Win32
	EndGlobalSection
	GlobalSection(ProjectConfigurationPlatforms) = postSolution
		{89140F55-EC64-4BDF-B23C-3D426949737F}.Debug|Win32.ActiveCfg = Debug|Win32
		{89140F55-EC64-4BDF-B23C-3D426949737F}.Debug|Win32.Build.0 = Debug|Win32
		{89140F55-EC64-4BDF-B23C-3D426949737F}.Release|Win32.ActiveCfg = Release|Win32
		{89140F55-EC64-4BDF-B23C-3D426949737F}.Release|Win32.Build.0 = Release|Win32
	EndGlobalSection
	GlobalSection(SolutionProperties) = preSolution
		HideSolutionNode = FALSE
	EndGlobalSection
EndGlobal
