Microsoft Visual Studio Solution File, Format Version 12.00
# Visual Studio 2012
Project("{8BC9CEB8-8B4A-11D0-8D11-00A0C91BC942}") = "MSERVER", "MSERVER.vcxproj", "{1B9ABEE1-F2BA-4249-9DAA-2834E7288E3D}"
EndProject
Project("{8BC9CEB8-8B4A-11D0-8D11-00A0C91BC942}") = "odbedit", "odbedit.vcxproj", "{525F32F6-22D2-4F4E-A066-EDF4C509855F}"
EndProject
Project("{8BC9CEB8-8B4A-11D0-8D11-00A0C91BC942}") = "Frontend", "Frontend.vcxproj", "{F9A0AEF8-2517-4112-9B61-322E77669331}"
EndProject
Project("{8BC9CEB8-8B4A-11D0-8D11-00A0C91BC942}") = "lazylogger", "lazylogger.vcxproj", "{52866344-7125-44C5-8D44-C99CE9763B05}"
EndProject
Project("{8BC9CEB8-8B4A-11D0-8D11-00A0C91BC942}") = "mcnaf", "mcnaf.vcxproj", "{D07AB571-D379-4A66-A76E-4BD19529210B}"
EndProject
Project("{8BC9CEB8-8B4A-11D0-8D11-00A0C91BC942}") = "mdump", "mdump.vcxproj", "{4A5D83BF-9E01-4394-8496-8ABE97A28284}"
EndProject
Project("{8BC9CEB8-8B4A-11D0-8D11-00A0C91BC942}") = "melog", "melog.vcxproj", "{C3A1BE95-DD60-4B05-8635-D706F5AACEF2}"
EndProject
Project("{8BC9CEB8-8B4A-11D0-8D11-00A0C91BC942}") = "mhist", "mhist.vcxproj", "{92DFF740-B31D-4398-92CD-3154886E05F3}"
EndProject
Project("{8BC9CEB8-8B4A-11D0-8D11-00A0C91BC942}") = "mhttpd", "mhttpd.vcxproj", "{8407202A-53C8-4BCD-95D2-CFD31BB385C9}"
EndProject
Project("{8BC9CEB8-8B4A-11D0-8D11-00A0C91BC942}") = "Mlogger", "Mlogger.vcxproj", "{13430F17-1466-44F7-A348-FD996248D9E0}"
EndProject
Project("{8BC9CEB8-8B4A-11D0-8D11-00A0C91BC942}") = "mstat", "mstat.vcxproj", "{A5B0C7E5-B37C-477C-9CB1-DA5691ADD5A9}"
EndProject
Project("{8BC9CEB8-8B4A-11D0-8D11-00A0C91BC942}") = "MTAPE", "MTAPE.vcxproj", "{B4EF0040-FAF9-4C65-8E97-8F3E4D08D473}"
EndProject
Project("{8BC9CEB8-8B4A-11D0-8D11-00A0C91BC942}") = "odbhist", "odbhist.vcxproj", "{F1BF93D7-A1CE-4FEA-BB30-D35877DD2A50}"
EndProject
Project("{8BC9CEB8-8B4A-11D0-8D11-00A0C91BC942}") = "ranalyzer", "ranalyzer.vcxproj", "{9988659A-2889-4645-95CA-ED4E49B7CB7C}"
EndProject
Project("{8BC9CEB8-8B4A-11D0-8D11-00A0C91BC942}") = "scfe", "scfe.vcxproj", "{3B28C156-10F0-477C-B8E6-986D5D4275FC}"
EndProject
Project("{8BC9CEB8-8B4A-11D0-8D11-00A0C91BC942}") = "ebfe", "ebfe.vcxproj", "{9513225D-C04A-49A5-A05C-2C3DF1996EC7}"
EndProject
Project("{8BC9CEB8-8B4A-11D0-8D11-00A0C91BC942}") = "mevb", "mevb.vcxproj", "{1D82C646-0DF3-4B5C-A6DE-39E57125C0D6}"
EndProject
Project("{8BC9CEB8-8B4A-11D0-8D11-00A0C91BC942}") = "mspeaker", "mspeaker.vcxproj", "{B1193F27-5AD8-4C2C-B54C-6EFA38ACDB3B}"
EndProject
Project("{8BC9CEB8-8B4A-11D0-8D11-00A0C91BC942}") = "consume", "consume.vcxproj", "{346C9CE6-4B20-4DBF-9174-EBA9DE9BE5DB}"
EndProject
Project("{8BC9CEB8-8B4A-11D0-8D11-00A0C91BC942}") = "produce", "produce.vcxproj", "{9A094AEB-C3DB-4EC1-8BA0-13844C3C4B10}"
EndProject
Project("{8BC9CEB8-8B4A-11D0-8D11-00A0C91BC942}") = "mtransition", "mtransition.vcxproj", "{E9193A43-04AE-4B8A-B357-7C5E4109FDAC}"
EndProject
Global
	GlobalSection(SolutionConfigurationPlatforms) = preSolution
		Debug|Win32 = Debug|Win32
		Release|Win32 = Release|Win32
	EndGlobalSection
	GlobalSection(ProjectConfigurationPlatforms) = postSolution
		{1B9ABEE1-F2BA-4249-9DAA-2834E7288E3D}.Debug|Win32.ActiveCfg = Debug|Win32
		{1B9ABEE1-F2BA-4249-9DAA-2834E7288E3D}.Release|Win32.ActiveCfg = Release|Win32
		{525F32F6-22D2-4F4E-A066-EDF4C509855F}.Debug|Win32.ActiveCfg = Debug|Win32
		{525F32F6-22D2-4F4E-A066-EDF4C509855F}.Release|Win32.ActiveCfg = Release|Win32
		{F9A0AEF8-2517-4112-9B61-322E77669331}.Debug|Win32.ActiveCfg = Debug|Win32
		{F9A0AEF8-2517-4112-9B61-322E77669331}.Release|Win32.ActiveCfg = Release|Win32
		{52866344-7125-44C5-8D44-C99CE9763B05}.Debug|Win32.ActiveCfg = Debug|Win32
		{52866344-7125-44C5-8D44-C99CE9763B05}.Release|Win32.ActiveCfg = Release|Win32
		{D07AB571-D379-4A66-A76E-4BD19529210B}.Debug|Win32.ActiveCfg = Debug|Win32
		{D07AB571-D379-4A66-A76E-4BD19529210B}.Release|Win32.ActiveCfg = Release|Win32
		{4A5D83BF-9E01-4394-8496-8ABE97A28284}.Debug|Win32.ActiveCfg = Debug|Win32
		{4A5D83BF-9E01-4394-8496-8ABE97A28284}.Release|Win32.ActiveCfg = Release|Win32
		{C3A1BE95-DD60-4B05-8635-D706F5AACEF2}.Debug|Win32.ActiveCfg = Debug|Win32
		{C3A1BE95-DD60-4B05-8635-D706F5AACEF2}.Release|Win32.ActiveCfg = Release|Win32
		{92DFF740-B31D-4398-92CD-3154886E05F3}.Debug|Win32.ActiveCfg = Debug|Win32
		{92DFF740-B31D-4398-92CD-3154886E05F3}.Release|Win32.ActiveCfg = Release|Win32
		{8407202A-53C8-4BCD-95D2-CFD31BB385C9}.Debug|Win32.ActiveCfg = Debug|Win32
		{8407202A-53C8-4BCD-95D2-CFD31BB385C9}.Release|Win32.ActiveCfg = Release|Win32
		{13430F17-1466-44F7-A348-FD996248D9E0}.Debug|Win32.ActiveCfg = Debug|Win32
		{13430F17-1466-44F7-A348-FD996248D9E0}.Debug|Win32.Build.0 = Debug|Win32
		{13430F17-1466-44F7-A348-FD996248D9E0}.Release|Win32.ActiveCfg = Release|Win32
		{13430F17-1466-44F7-A348-FD996248D9E0}.Release|Win32.Build.0 = Release|Win32
		{A5B0C7E5-B37C-477C-9CB1-DA5691ADD5A9}.Debug|Win32.ActiveCfg = Debug|Win32
		{A5B0C7E5-B37C-477C-9CB1-DA5691ADD5A9}.Release|Win32.ActiveCfg = Release|Win32
		{B4EF0040-FAF9-4C65-8E97-8F3E4D08D473}.Debug|Win32.ActiveCfg = Debug|Win32
		{B4EF0040-FAF9-4C65-8E97-8F3E4D08D473}.Release|Win32.ActiveCfg = Release|Win32
		{F1BF93D7-A1CE-4FEA-BB30-D35877DD2A50}.Debug|Win32.ActiveCfg = Debug|Win32
		{F1BF93D7-A1CE-4FEA-BB30-D35877DD2A50}.Release|Win32.ActiveCfg = Release|Win32
		{9988659A-2889-4645-95CA-ED4E49B7CB7C}.Debug|Win32.ActiveCfg = Debug|Win32
		{9988659A-2889-4645-95CA-ED4E49B7CB7C}.Release|Win32.ActiveCfg = Release|Win32
		{3B28C156-10F0-477C-B8E6-986D5D4275FC}.Debug|Win32.ActiveCfg = Debug|Win32
		{3B28C156-10F0-477C-B8E6-986D5D4275FC}.Release|Win32.ActiveCfg = Release|Win32
		{9513225D-C04A-49A5-A05C-2C3DF1996EC7}.Debug|Win32.ActiveCfg = Debug|Win32
		{9513225D-C04A-49A5-A05C-2C3DF1996EC7}.Release|Win32.ActiveCfg = Release|Win32
		{1D82C646-0DF3-4B5C-A6DE-39E57125C0D6}.Debug|Win32.ActiveCfg = Debug|Win32
		{1D82C646-0DF3-4B5C-A6DE-39E57125C0D6}.Release|Win32.ActiveCfg = Release|Win32
		{B1193F27-5AD8-4C2C-B54C-6EFA38ACDB3B}.Debug|Win32.ActiveCfg = Debug|Win32
		{B1193F27-5AD8-4C2C-B54C-6EFA38ACDB3B}.Release|Win32.ActiveCfg = Release|Win32
		{346C9CE6-4B20-4DBF-9174-EBA9DE9BE5DB}.Debug|Win32.ActiveCfg = Debug|Win32
		{346C9CE6-4B20-4DBF-9174-EBA9DE9BE5DB}.Release|Win32.ActiveCfg = Release|Win32
		{9A094AEB-C3DB-4EC1-8BA0-13844C3C4B10}.Debug|Win32.ActiveCfg = Debug|Win32
		{9A094AEB-C3DB-4EC1-8BA0-13844C3C4B10}.Release|Win32.ActiveCfg = Release|Win32
		{E9193A43-04AE-4B8A-B357-7C5E4109FDAC}.Debug|Win32.ActiveCfg = Debug|Win32
		{E9193A43-04AE-4B8A-B357-7C5E4109FDAC}.Release|Win32.ActiveCfg = Release|Win32
	EndGlobalSection
	GlobalSection(SolutionProperties) = preSolution
		HideSolutionNode = FALSE
	EndGlobalSection
EndGlobal
