Microsoft Visual Studio Solution File, Format Version 9.00
# Visual Studio 2005
Project("{8BC9CEB8-8B4A-11D0-8D11-00A0C91BC942}") = "calib_700", "calib_700.vcproj", "{D6387EBD-DEC0-4127-9142-058304A809DE}"
EndProject
Project("{8BC9CEB8-8B4A-11D0-8D11-00A0C91BC942}") = "calib_hvr", "calib_hvr.vcproj", "{C9716FC9-B731-419D-8B74-730091316AB1}"
EndProject
Project("{8BC9CEB8-8B4A-11D0-8D11-00A0C91BC942}") = "msc", "msc.vcproj", "{42AD1939-3653-46BE-B8BC-2AB8B9A7B646}"
EndProject
Project("{8BC9CEB8-8B4A-11D0-8D11-00A0C91BC942}") = "mscb", "mscb.vcproj", "{56500084-EA1E-49FA-867D-9262BF285508}"
EndProject
Global
	GlobalSection(SolutionConfigurationPlatforms) = preSolution
		Debug|Win32 = Debug|Win32
		Release|Win32 = Release|Win32
	EndGlobalSection
	GlobalSection(ProjectConfigurationPlatforms) = postSolution
		{D6387EBD-DEC0-4127-9142-058304A809DE}.Debug|Win32.ActiveCfg = Debug|Win32
		{D6387EBD-DEC0-4127-9142-058304A809DE}.Debug|Win32.Build.0 = Debug|Win32
		{D6387EBD-DEC0-4127-9142-058304A809DE}.Release|Win32.ActiveCfg = Release|Win32
		{D6387EBD-DEC0-4127-9142-058304A809DE}.Release|Win32.Build.0 = Release|Win32
		{C9716FC9-B731-419D-8B74-730091316AB1}.Debug|Win32.ActiveCfg = Debug|Win32
		{C9716FC9-B731-419D-8B74-730091316AB1}.Debug|Win32.Build.0 = Debug|Win32
		{C9716FC9-B731-419D-8B74-730091316AB1}.Release|Win32.ActiveCfg = Release|Win32
		{C9716FC9-B731-419D-8B74-730091316AB1}.Release|Win32.Build.0 = Release|Win32
		{42AD1939-3653-46BE-B8BC-2AB8B9A7B646}.Debug|Win32.ActiveCfg = Debug|Win32
		{42AD1939-3653-46BE-B8BC-2AB8B9A7B646}.Debug|Win32.Build.0 = Debug|Win32
		{42AD1939-3653-46BE-B8BC-2AB8B9A7B646}.Release|Win32.ActiveCfg = Release|Win32
		{42AD1939-3653-46BE-B8BC-2AB8B9A7B646}.Release|Win32.Build.0 = Release|Win32
		{56500084-EA1E-49FA-867D-9262BF285508}.Debug|Win32.ActiveCfg = Debug|Win32
		{56500084-EA1E-49FA-867D-9262BF285508}.Debug|Win32.Build.0 = Debug|Win32
		{56500084-EA1E-49FA-867D-9262BF285508}.Release|Win32.ActiveCfg = Release|Win32
		{56500084-EA1E-49FA-867D-9262BF285508}.Release|Win32.Build.0 = Release|Win32
	EndGlobalSection
	GlobalSection(SolutionProperties) = preSolution
		HideSolutionNode = FALSE
	EndGlobalSection
EndGlobal
