Microsoft Visual Studio Solution File, Format Version 11.00
# Visual Studio 2010
Project("{8BC9CEB8-8B4A-11D0-8D11-00A0C91BC942}") = "calib_700", "calib_700.vcxproj", "{D6387EBD-DEC0-4127-9142-058304A809DE}"
EndProject
Project("{8BC9CEB8-8B4A-11D0-8D11-00A0C91BC942}") = "calib_hvr", "calib_hvr.vcxproj", "{5FFAAEA5-A300-44C0-A725-607B98DE63AE}"
EndProject
Project("{8BC9CEB8-8B4A-11D0-8D11-00A0C91BC942}") = "msc", "msc.vcxproj", "{9A9C779E-58C4-480D-A88E-889368A3A451}"
EndProject
Project("{8BC9CEB8-8B4A-11D0-8D11-00A0C91BC942}") = "mscb", "mscb.vcxproj", "{56500084-EA1E-49FA-867D-9262BF285508}"
EndProject
Global
	GlobalSection(SolutionConfigurationPlatforms) = preSolution
		Debug|Win32 = Debug|Win32
		Release|Win32 = Release|Win32
	EndGlobalSection
	GlobalSection(ProjectConfigurationPlatforms) = postSolution
		{D6387EBD-DEC0-4127-9142-058304A809DE}.Debug|Win32.ActiveCfg = Debug|Win32
		{D6387EBD-DEC0-4127-9142-058304A809DE}.Release|Win32.ActiveCfg = Release|Win32
		{D6387EBD-DEC0-4127-9142-058304A809DE}.Release|Win32.Build.0 = Release|Win32
		{5FFAAEA5-A300-44C0-A725-607B98DE63AE}.Debug|Win32.ActiveCfg = Debug|Win32
		{5FFAAEA5-A300-44C0-A725-607B98DE63AE}.Release|Win32.ActiveCfg = Release|Win32
		{5FFAAEA5-A300-44C0-A725-607B98DE63AE}.Release|Win32.Build.0 = Release|Win32
		{9A9C779E-58C4-480D-A88E-889368A3A451}.Debug|Win32.ActiveCfg = Debug|Win32
		{9A9C779E-58C4-480D-A88E-889368A3A451}.Debug|Win32.Build.0 = Debug|Win32
		{9A9C779E-58C4-480D-A88E-889368A3A451}.Release|Win32.ActiveCfg = Release|Win32
		{9A9C779E-58C4-480D-A88E-889368A3A451}.Release|Win32.Build.0 = Release|Win32
		{56500084-EA1E-49FA-867D-9262BF285508}.Debug|Win32.ActiveCfg = Debug|Win32
		{56500084-EA1E-49FA-867D-9262BF285508}.Release|Win32.ActiveCfg = Release|Win32
		{56500084-EA1E-49FA-867D-9262BF285508}.Release|Win32.Build.0 = Release|Win32
	EndGlobalSection
	GlobalSection(SolutionProperties) = preSolution
		HideSolutionNode = FALSE
	EndGlobalSection
EndGlobal
