// !$*UTF8*$!
{
	archiveVersion = 1;
	classes = {
	};
	objectVersion = 46;
	objects = {

/* Begin PBXBuildFile section */
		D516B33C1399C2E100FAA335 /* elog.c in Sources */ = {isa = PBXBuildFile; fileRef = D516B3351399C2E100FAA335 /* elog.c */; };
		D516B33E1399C2E100FAA335 /* midas.c in Sources */ = {isa = PBXBuildFile; fileRef = D516B3371399C2E100FAA335 /* midas.c */; };
		D516B33F1399C2E100FAA335 /* mrpc.c in Sources */ = {isa = PBXBuildFile; fileRef = D516B3381399C2E100FAA335 /* mrpc.c */; };
		D516B3401399C2E100FAA335 /* odb.c in Sources */ = {isa = PBXBuildFile; fileRef = D516B3391399C2E100FAA335 /* odb.c */; };
		D516B3411399C2E100FAA335 /* system.c in Sources */ = {isa = PBXBuildFile; fileRef = D516B33A1399C2E100FAA335 /* system.c */; };
		D516B3491399C31F00FAA335 /* mxml.c in Sources */ = {isa = PBXBuildFile; fileRef = D516B3451399C31F00FAA335 /* mxml.c */; };
		D516B34A1399C31F00FAA335 /* strlcpy.c in Sources */ = {isa = PBXBuildFile; fileRef = D516B3471399C31F00FAA335 /* strlcpy.c */; };
		D516B34E1399C5AC00FAA335 /* mgd.c in Sources */ = {isa = PBXBuildFile; fileRef = D516B34D1399C5AC00FAA335 /* mgd.c */; };
		D516B3501399C5E800FAA335 /* history.c in Sources */ = {isa = PBXBuildFile; fileRef = D516B34F1399C5E800FAA335 /* history.c */; };
		D516B3531399C66600FAA335 /* history_midas.cxx in Sources */ = {isa = PBXBuildFile; fileRef = D516B3511399C66600FAA335 /* history_midas.cxx */; };
		D516B3541399C66600FAA335 /* history_sql.cxx in Sources */ = {isa = PBXBuildFile; fileRef = D516B3521399C66600FAA335 /* history_sql.cxx */; };
		D58201AA14D6AB89007BEE3C /* sequencer.cxx in Sources */ = {isa = PBXBuildFile; fileRef = D58201A914D6AB89007BEE3C /* sequencer.cxx */; };
		D5A0905E14433534005E1ACA /* alarm.c in Sources */ = {isa = PBXBuildFile; fileRef = D5A0905D14433534005E1ACA /* alarm.c */; };
		D5A57204139D5A2800B65A0A /* mhttpd.cxx in Sources */ = {isa = PBXBuildFile; fileRef = D5A57203139D5A2800B65A0A /* mhttpd.cxx */; };
/* End PBXBuildFile section */

/* Begin PBXCopyFilesBuildPhase section */
		D516B3261399C29000FAA335 /* CopyFiles */ = {
			isa = PBXCopyFilesBuildPhase;
			buildActionMask = 2147483647;
			dstPath = /usr/share/man/man1/;
			dstSubfolderSpec = 0;
			files = (
			);
			runOnlyForDeploymentPostprocessing = 1;
		};
/* End PBXCopyFilesBuildPhase section */

/* Begin PBXFileReference section */
		D516B3281399C29000FAA335 /* mhttpd */ = {isa = PBXFileReference; explicitFileType = "compiled.mach-o.executable"; includeInIndex = 0; path = mhttpd; sourceTree = BUILT_PRODUCTS_DIR; };
		D516B3351399C2E100FAA335 /* elog.c */ = {isa = PBXFileReference; fileEncoding = 4; lastKnownFileType = sourcecode.c.c; name = elog.c; path = /midas/src/elog.c; sourceTree = "<absolute>"; };
		D516B3371399C2E100FAA335 /* midas.c */ = {isa = PBXFileReference; fileEncoding = 4; lastKnownFileType = sourcecode.c.c; name = midas.c; path = /midas/src/midas.c; sourceTree = "<absolute>"; };
		D516B3381399C2E100FAA335 /* mrpc.c */ = {isa = PBXFileReference; fileEncoding = 4; lastKnownFileType = sourcecode.c.c; name = mrpc.c; path = /midas/src/mrpc.c; sourceTree = "<absolute>"; };
		D516B3391399C2E100FAA335 /* odb.c */ = {isa = PBXFileReference; fileEncoding = 4; lastKnownFileType = sourcecode.c.c; name = odb.c; path = /midas/src/odb.c; sourceTree = "<absolute>"; };
		D516B33A1399C2E100FAA335 /* system.c */ = {isa = PBXFileReference; fileEncoding = 4; lastKnownFileType = sourcecode.c.c; name = system.c; path = /midas/src/system.c; sourceTree = "<absolute>"; };
		D516B3431399C30C00FAA335 /* midas.h */ = {isa = PBXFileReference; fileEncoding = 4; lastKnownFileType = sourcecode.c.h; name = midas.h; path = /midas/include/midas.h; sourceTree = "<absolute>"; };
		D516B3441399C30C00FAA335 /* msystem.h */ = {isa = PBXFileReference; fileEncoding = 4; lastKnownFileType = sourcecode.c.h; name = msystem.h; path = /midas/include/msystem.h; sourceTree = "<absolute>"; };
		D516B3451399C31F00FAA335 /* mxml.c */ = {isa = PBXFileReference; fileEncoding = 4; lastKnownFileType = sourcecode.c.c; name = mxml.c; path = /mxml/mxml.c; sourceTree = "<absolute>"; };
		D516B3461399C31F00FAA335 /* mxml.h */ = {isa = PBXFileReference; fileEncoding = 4; lastKnownFileType = sourcecode.c.h; name = mxml.h; path = /mxml/mxml.h; sourceTree = "<absolute>"; };
		D516B3471399C31F00FAA335 /* strlcpy.c */ = {isa = PBXFileReference; fileEncoding = 4; lastKnownFileType = sourcecode.c.c; name = strlcpy.c; path = /mxml/strlcpy.c; sourceTree = "<absolute>"; };
		D516B3481399C31F00FAA335 /* strlcpy.h */ = {isa = PBXFileReference; fileEncoding = 4; lastKnownFileType = sourcecode.c.h; name = strlcpy.h; path = /mxml/strlcpy.h; sourceTree = "<absolute>"; };
		D516B34D1399C5AC00FAA335 /* mgd.c */ = {isa = PBXFileReference; fileEncoding = 4; lastKnownFileType = sourcecode.c.c; name = mgd.c; path = /midas/src/mgd.c; sourceTree = "<absolute>"; };
		D516B34F1399C5E800FAA335 /* history.c */ = {isa = PBXFileReference; fileEncoding = 4; lastKnownFileType = sourcecode.c.c; name = history.c; path = /midas/src/history.c; sourceTree = "<absolute>"; };
		D516B3511399C66600FAA335 /* history_midas.cxx */ = {isa = PBXFileReference; fileEncoding = 4; lastKnownFileType = sourcecode.cpp.cpp; name = history_midas.cxx; path = /midas/src/history_midas.cxx; sourceTree = "<absolute>"; };
		D516B3521399C66600FAA335 /* history_sql.cxx */ = {isa = PBXFileReference; fileEncoding = 4; lastKnownFileType = sourcecode.cpp.cpp; name = history_sql.cxx; path = /midas/src/history_sql.cxx; sourceTree = "<absolute>"; };
		D58201A914D6AB89007BEE3C /* sequencer.cxx */ = {isa = PBXFileReference; fileEncoding = 4; lastKnownFileType = sourcecode.cpp.cpp; name = sequencer.cxx; path = /midas/src/sequencer.cxx; sourceTree = "<absolute>"; };
		D5A0905D14433534005E1ACA /* alarm.c */ = {isa = PBXFileReference; fileEncoding = 4; lastKnownFileType = sourcecode.c.c; name = alarm.c; path = /midas/src/alarm.c; sourceTree = "<absolute>"; };
		D5A57203139D5A2800B65A0A /* mhttpd.cxx */ = {isa = PBXFileReference; fileEncoding = 4; lastKnownFileType = sourcecode.cpp.cpp; name = mhttpd.cxx; path = /midas/src/mhttpd.cxx; sourceTree = "<absolute>"; };
/* End PBXFileReference section */

/* Begin PBXFrameworksBuildPhase section */
		D516B3251399C29000FAA335 /* Frameworks */ = {
			isa = PBXFrameworksBuildPhase;
			buildActionMask = 2147483647;
			files = (
			);
			runOnlyForDeploymentPostprocessing = 0;
		};
/* End PBXFrameworksBuildPhase section */

/* Begin PBXGroup section */
		D516B31D1399C29000FAA335 = {
			isa = PBXGroup;
			children = (
				D516B32B1399C29000FAA335 /* Source Files */,
				D516B3421399C2EE00FAA335 /* Includ Files */,
				D516B3291399C29000FAA335 /* Products */,
			);
			sourceTree = "<absolute>";
		};
		D516B3291399C29000FAA335 /* Products */ = {
			isa = PBXGroup;
			children = (
				D516B3281399C29000FAA335 /* mhttpd */,
			);
			name = Products;
			sourceTree = "<absolute>";
		};
		D516B32B1399C29000FAA335 /* Source Files */ = {
			isa = PBXGroup;
			children = (
				D58201A914D6AB89007BEE3C /* sequencer.cxx */,
				D5A0905D14433534005E1ACA /* alarm.c */,
				D5A57203139D5A2800B65A0A /* mhttpd.cxx */,
				D516B3511399C66600FAA335 /* history_midas.cxx */,
				D516B3521399C66600FAA335 /* history_sql.cxx */,
				D516B34F1399C5E800FAA335 /* history.c */,
				D516B34D1399C5AC00FAA335 /* mgd.c */,
				D516B3451399C31F00FAA335 /* mxml.c */,
				D516B3471399C31F00FAA335 /* strlcpy.c */,
				D516B3351399C2E100FAA335 /* elog.c */,
				D516B3371399C2E100FAA335 /* midas.c */,
				D516B3381399C2E100FAA335 /* mrpc.c */,
				D516B3391399C2E100FAA335 /* odb.c */,
				D516B33A1399C2E100FAA335 /* system.c */,
			);
			name = "Source Files";
			path = mhttpd;
			sourceTree = "<absolute>";
		};
		D516B3421399C2EE00FAA335 /* Includ Files */ = {
			isa = PBXGroup;
			children = (
				D516B3481399C31F00FAA335 /* strlcpy.h */,
				D516B3461399C31F00FAA335 /* mxml.h */,
				D516B3431399C30C00FAA335 /* midas.h */,
				D516B3441399C30C00FAA335 /* msystem.h */,
			);
			name = "Includ Files";
			sourceTree = "<absolute>";
		};
/* End PBXGroup section */

/* Begin PBXNativeTarget section */
		D516B3271399C29000FAA335 /* mhttpd */ = {
			isa = PBXNativeTarget;
			buildConfigurationList = D516B3311399C29000FAA335 /* Build configuration list for PBXNativeTarget "mhttpd" */;
			buildPhases = (
				D516B3241399C29000FAA335 /* Sources */,
				D516B3251399C29000FAA335 /* Frameworks */,
				D516B3261399C29000FAA335 /* CopyFiles */,
			);
			buildRules = (
			);
			dependencies = (
			);
			name = mhttpd;
			productName = mhttpd;
			productReference = D516B3281399C29000FAA335 /* mhttpd */;
			productType = "com.apple.product-type.tool";
		};
/* End PBXNativeTarget section */

/* Begin PBXProject section */
		D516B31F1399C29000FAA335 /* Project object */ = {
			isa = PBXProject;
			attributes = {
				LastUpgradeCheck = 0460;
				ORGANIZATIONNAME = PSI;
			};
			buildConfigurationList = D516B3221399C29000FAA335 /* Build configuration list for PBXProject "mhttpd" */;
			compatibilityVersion = "Xcode 3.2";
			developmentRegion = English;
			hasScannedForEncodings = 0;
			knownRegions = (
				en,
			);
			mainGroup = D516B31D1399C29000FAA335;
			productRefGroup = D516B3291399C29000FAA335 /* Products */;
			projectDirPath = "";
			projectRoot = "";
			targets = (
				D516B3271399C29000FAA335 /* mhttpd */,
			);
		};
/* End PBXProject section */

/* Begin PBXSourcesBuildPhase section */
		D516B3241399C29000FAA335 /* Sources */ = {
			isa = PBXSourcesBuildPhase;
			buildActionMask = 2147483647;
			files = (
				D516B33C1399C2E100FAA335 /* elog.c in Sources */,
				D516B33E1399C2E100FAA335 /* midas.c in Sources */,
				D516B33F1399C2E100FAA335 /* mrpc.c in Sources */,
				D516B3401399C2E100FAA335 /* odb.c in Sources */,
				D516B3411399C2E100FAA335 /* system.c in Sources */,
				D516B3491399C31F00FAA335 /* mxml.c in Sources */,
				D516B34A1399C31F00FAA335 /* strlcpy.c in Sources */,
				D516B34E1399C5AC00FAA335 /* mgd.c in Sources */,
				D516B3501399C5E800FAA335 /* history.c in Sources */,
				D516B3531399C66600FAA335 /* history_midas.cxx in Sources */,
				D516B3541399C66600FAA335 /* history_sql.cxx in Sources */,
				D5A57204139D5A2800B65A0A /* mhttpd.cxx in Sources */,
				D5A0905E14433534005E1ACA /* alarm.c in Sources */,
				D58201AA14D6AB89007BEE3C /* sequencer.cxx in Sources */,
			);
			runOnlyForDeploymentPostprocessing = 0;
		};
/* End PBXSourcesBuildPhase section */

/* Begin XCBuildConfiguration section */
		D516B32F1399C29000FAA335 /* Debug */ = {
			isa = XCBuildConfiguration;
			buildSettings = {
				ARCHS = "$(ARCHS_STANDARD_32_64_BIT)";
				CLANG_WARN_CONSTANT_CONVERSION = YES;
				CLANG_WARN_ENUM_CONVERSION = YES;
				CLANG_WARN_INT_CONVERSION = YES;
				CLANG_WARN__DUPLICATE_METHOD_MATCH = YES;
				GCC_C_LANGUAGE_STANDARD = gnu99;
				GCC_OPTIMIZATION_LEVEL = 0;
				GCC_PREPROCESSOR_DEFINITIONS = (
					DEBUG,
					OS_LINUX,
					OS_DARWIN,
					USE_POSIX_SHM,
				);
				GCC_SYMBOLS_PRIVATE_EXTERN = NO;
				GCC_VERSION = com.apple.compilers.llvm.clang.1_0;
				GCC_WARN_64_TO_32_BIT_CONVERSION = YES;
				GCC_WARN_ABOUT_RETURN_TYPE = YES;
				GCC_WARN_UNINITIALIZED_AUTOS = YES;
				GCC_WARN_UNUSED_VARIABLE = YES;
				MACOSX_DEPLOYMENT_TARGET = 10.6;
				ONLY_ACTIVE_ARCH = YES;
				SDKROOT = macosx;
			};
			name = Debug;
		};
		D516B3301399C29000FAA335 /* Release */ = {
			isa = XCBuildConfiguration;
			buildSettings = {
				ARCHS = "$(ARCHS_STANDARD_32_64_BIT)";
				CLANG_WARN_CONSTANT_CONVERSION = YES;
				CLANG_WARN_ENUM_CONVERSION = YES;
				CLANG_WARN_INT_CONVERSION = YES;
				CLANG_WARN__DUPLICATE_METHOD_MATCH = YES;
				GCC_C_LANGUAGE_STANDARD = gnu99;
				GCC_PREPROCESSOR_DEFINITIONS = (
					DEBUG,
					OS_LINUX,
					OS_DARWIN,
					USE_POSIX_SHM,
				);
				GCC_VERSION = com.apple.compilers.llvm.clang.1_0;
				GCC_WARN_64_TO_32_BIT_CONVERSION = YES;
				GCC_WARN_ABOUT_RETURN_TYPE = YES;
				GCC_WARN_UNINITIALIZED_AUTOS = YES;
				GCC_WARN_UNUSED_VARIABLE = YES;
				MACOSX_DEPLOYMENT_TARGET = 10.6;
				SDKROOT = macosx;
			};
			name = Release;
		};
		D516B3321399C29000FAA335 /* Debug */ = {
			isa = XCBuildConfiguration;
			buildSettings = {
				ALWAYS_SEARCH_USER_PATHS = NO;
				COPY_PHASE_STRIP = NO;
				GCC_DYNAMIC_NO_PIC = NO;
				GCC_ENABLE_OBJC_EXCEPTIONS = YES;
				GCC_PREPROCESSOR_DEFINITIONS = (
					DEBUG,
					OS_LINUX,
					OS_DARWIN,
					USE_POSIX_SHM,
				);
				GCC_WARN_64_TO_32_BIT_CONVERSION = NO;
				HEADER_SEARCH_PATHS = (
					../mxml,
					../include,
					../../mxml,
				);
				PRODUCT_NAME = "$(TARGET_NAME)";
			};
			name = Debug;
		};
		D516B3331399C29000FAA335 /* Release */ = {
			isa = XCBuildConfiguration;
			buildSettings = {
				ALWAYS_SEARCH_USER_PATHS = NO;
				COPY_PHASE_STRIP = YES;
				DEBUG_INFORMATION_FORMAT = "dwarf-with-dsym";
				GCC_ENABLE_OBJC_EXCEPTIONS = YES;
				GCC_WARN_64_TO_32_BIT_CONVERSION = NO;
				HEADER_SEARCH_PATHS = (
					../mxml,
					../include,
					../../mxml,
				);
				PRODUCT_NAME = "$(TARGET_NAME)";
			};
			name = Release;
		};
/* End XCBuildConfiguration section */

/* Begin XCConfigurationList section */
		D516B3221399C29000FAA335 /* Build configuration list for PBXProject "mhttpd" */ = {
			isa = XCConfigurationList;
			buildConfigurations = (
				D516B32F1399C29000FAA335 /* Debug */,
				D516B3301399C29000FAA335 /* Release */,
			);
			defaultConfigurationIsVisible = 0;
			defaultConfigurationName = Release;
		};
		D516B3311399C29000FAA335 /* Build configuration list for PBXNativeTarget "mhttpd" */ = {
			isa = XCConfigurationList;
			buildConfigurations = (
				D516B3321399C29000FAA335 /* Debug */,
				D516B3331399C29000FAA335 /* Release */,
			);
			defaultConfigurationIsVisible = 0;
			defaultConfigurationName = Release;
		};
/* End XCConfigurationList section */
	};
	rootObject = D516B31F1399C29000FAA335 /* Project object */;
}
