// !$*UTF8*$!
{
	archiveVersion = 1;
	classes = {
	};
	objectVersion = 46;
	objects = {

/* Begin PBXBuildFile section */
		D5310FBF185702FD00004A4D /* json_paste.cxx in Sources */ = {isa = PBXBuildFile; fileRef = D5310FBE185702FD00004A4D /* json_paste.cxx */; };
		D5EAE015185703CC000FD8F3 /* mjson.cxx in Sources */ = {isa = PBXBuildFile; fileRef = D5EAE014185703CC000FD8F3 /* mjson.cxx */; };
		D5EF354C1399A32500BD0BDE /* alarm.c in Sources */ = {isa = PBXBuildFile; fileRef = D5EF35471399A32500BD0BDE /* alarm.c */; };
		D5EF354D1399A32500BD0BDE /* midas.c in Sources */ = {isa = PBXBuildFile; fileRef = D5EF35481399A32500BD0BDE /* midas.c */; };
		D5EF354E1399A32500BD0BDE /* odb.c in Sources */ = {isa = PBXBuildFile; fileRef = D5EF35491399A32500BD0BDE /* odb.c */; };
		D5EF354F1399A32500BD0BDE /* odbedit.cxx in Sources */ = {isa = PBXBuildFile; fileRef = D5EF354A1399A32500BD0BDE /* odbedit.cxx */; };
		D5EF35501399A32500BD0BDE /* system.c in Sources */ = {isa = PBXBuildFile; fileRef = D5EF354B1399A32500BD0BDE /* system.c */; };
		D5EF35521399A61400BD0BDE /* elog.c in Sources */ = {isa = PBXBuildFile; fileRef = D5EF35511399A61400BD0BDE /* elog.c */; };
		D5EF35571399A62100BD0BDE /* mxml.c in Sources */ = {isa = PBXBuildFile; fileRef = D5EF35531399A62100BD0BDE /* mxml.c */; };
		D5EF35581399A62100BD0BDE /* strlcpy.c in Sources */ = {isa = PBXBuildFile; fileRef = D5EF35551399A62100BD0BDE /* strlcpy.c */; };
		D5EF355A1399A63B00BD0BDE /* mrpc.c in Sources */ = {isa = PBXBuildFile; fileRef = D5EF35591399A63B00BD0BDE /* mrpc.c */; };
		D5EF355C1399A65100BD0BDE /* cmdedit.cxx in Sources */ = {isa = PBXBuildFile; fileRef = D5EF355B1399A65100BD0BDE /* cmdedit.cxx */; };
/* End PBXBuildFile section */

/* Begin PBXCopyFilesBuildPhase section */
		D545159F1399A2CA0037D7FB /* CopyFiles */ = {
			isa = PBXCopyFilesBuildPhase;
			buildActionMask = 2147483647;
			dstPath = /usr/share/man/man1/;
			dstSubfolderSpec = 0;
			files = (
			);
			runOnlyForDeploymentPostprocessing = 1;
		};
/* End PBXCopyFilesBuildPhase section */

/* Begin PBXFileReference section */
		D5168C4617985ACA0094813D /* git-revision.h */ = {isa = PBXFileReference; fileEncoding = 4; lastKnownFileType = sourcecode.c.h; name = "git-revision.h"; path = "/midas/include/git-revision.h"; sourceTree = "<absolute>"; };
		D5310FBE185702FD00004A4D /* json_paste.cxx */ = {isa = PBXFileReference; fileEncoding = 4; lastKnownFileType = sourcecode.cpp.cpp; name = json_paste.cxx; path = /midas/src/json_paste.cxx; sourceTree = "<absolute>"; };
		D54515A11399A2CA0037D7FB /* odbedit */ = {isa = PBXFileReference; explicitFileType = "compiled.mach-o.executable"; includeInIndex = 0; path = odbedit; sourceTree = BUILT_PRODUCTS_DIR; };
		D5EAE014185703CC000FD8F3 /* mjson.cxx */ = {isa = PBXFileReference; fileEncoding = 4; lastKnownFileType = sourcecode.cpp.cpp; name = mjson.cxx; path = /midas/src/mjson.cxx; sourceTree = "<absolute>"; };
		D5EF35471399A32500BD0BDE /* alarm.c */ = {isa = PBXFileReference; fileEncoding = 4; lastKnownFileType = sourcecode.c.c; name = alarm.c; path = /midas/src/alarm.c; sourceTree = "<absolute>"; };
		D5EF35481399A32500BD0BDE /* midas.c */ = {isa = PBXFileReference; fileEncoding = 4; lastKnownFileType = sourcecode.c.c; name = midas.c; path = /midas/src/midas.c; sourceTree = "<absolute>"; };
		D5EF35491399A32500BD0BDE /* odb.c */ = {isa = PBXFileReference; fileEncoding = 4; lastKnownFileType = sourcecode.c.c; name = odb.c; path = /midas/src/odb.c; sourceTree = "<absolute>"; };
		D5EF354A1399A32500BD0BDE /* odbedit.cxx */ = {isa = PBXFileReference; fileEncoding = 4; lastKnownFileType = sourcecode.cpp.cpp; name = odbedit.cxx; path = /midas/src/odbedit.cxx; sourceTree = "<absolute>"; };
		D5EF354B1399A32500BD0BDE /* system.c */ = {isa = PBXFileReference; fileEncoding = 4; lastKnownFileType = sourcecode.c.c; name = system.c; path = /midas/src/system.c; sourceTree = "<absolute>"; };
		D5EF35511399A61400BD0BDE /* elog.c */ = {isa = PBXFileReference; fileEncoding = 4; lastKnownFileType = sourcecode.c.c; name = elog.c; path = /midas/src/elog.c; sourceTree = "<absolute>"; };
		D5EF35531399A62100BD0BDE /* mxml.c */ = {isa = PBXFileReference; fileEncoding = 4; lastKnownFileType = sourcecode.c.c; name = mxml.c; path = /mxml/mxml.c; sourceTree = "<absolute>"; };
		D5EF35541399A62100BD0BDE /* mxml.h */ = {isa = PBXFileReference; fileEncoding = 4; lastKnownFileType = sourcecode.c.h; name = mxml.h; path = /mxml/mxml.h; sourceTree = "<absolute>"; };
		D5EF35551399A62100BD0BDE /* strlcpy.c */ = {isa = PBXFileReference; fileEncoding = 4; lastKnownFileType = sourcecode.c.c; name = strlcpy.c; path = /mxml/strlcpy.c; sourceTree = "<absolute>"; };
		D5EF35561399A62100BD0BDE /* strlcpy.h */ = {isa = PBXFileReference; fileEncoding = 4; lastKnownFileType = sourcecode.c.h; name = strlcpy.h; path = /mxml/strlcpy.h; sourceTree = "<absolute>"; };
		D5EF35591399A63B00BD0BDE /* mrpc.c */ = {isa = PBXFileReference; fileEncoding = 4; lastKnownFileType = sourcecode.c.c; name = mrpc.c; path = /midas/src/mrpc.c; sourceTree = "<absolute>"; };
		D5EF355B1399A65100BD0BDE /* cmdedit.cxx */ = {isa = PBXFileReference; fileEncoding = 4; lastKnownFileType = sourcecode.cpp.cpp; name = cmdedit.cxx; path = /midas/src/cmdedit.cxx; sourceTree = "<absolute>"; };
		D5EF355E1399A92500BD0BDE /* midas.h */ = {isa = PBXFileReference; fileEncoding = 4; lastKnownFileType = sourcecode.c.h; name = midas.h; path = /midas/include/midas.h; sourceTree = "<absolute>"; };
		D5EF355F1399A92500BD0BDE /* midasinc.h */ = {isa = PBXFileReference; fileEncoding = 4; lastKnownFileType = sourcecode.c.h; name = midasinc.h; path = /midas/include/midasinc.h; sourceTree = "<absolute>"; };
		D5EF35601399A92500BD0BDE /* msystem.h */ = {isa = PBXFileReference; fileEncoding = 4; lastKnownFileType = sourcecode.c.h; name = msystem.h; path = /midas/include/msystem.h; sourceTree = "<absolute>"; };
/* End PBXFileReference section */

/* Begin PBXFrameworksBuildPhase section */
		D545159E1399A2CA0037D7FB /* Frameworks */ = {
			isa = PBXFrameworksBuildPhase;
			buildActionMask = 2147483647;
			files = (
			);
			runOnlyForDeploymentPostprocessing = 0;
		};
/* End PBXFrameworksBuildPhase section */

/* Begin PBXGroup section */
		D54515961399A2CA0037D7FB = {
			isa = PBXGroup;
			children = (
				D54515A41399A2CA0037D7FB /* Source Files */,
				D5EF355D1399A8B200BD0BDE /* Header Files */,
				D54515A21399A2CA0037D7FB /* Products */,
			);
			sourceTree = "<group>";
		};
		D54515A21399A2CA0037D7FB /* Products */ = {
			isa = PBXGroup;
			children = (
				D54515A11399A2CA0037D7FB /* odbedit */,
			);
			name = Products;
			sourceTree = "<group>";
		};
		D54515A41399A2CA0037D7FB /* Source Files */ = {
			isa = PBXGroup;
			children = (
				D5EAE014185703CC000FD8F3 /* mjson.cxx */,
				D5310FBE185702FD00004A4D /* json_paste.cxx */,
				D5EF355B1399A65100BD0BDE /* cmdedit.cxx */,
				D5EF35591399A63B00BD0BDE /* mrpc.c */,
				D5EF35531399A62100BD0BDE /* mxml.c */,
				D5EF35551399A62100BD0BDE /* strlcpy.c */,
				D5EF35511399A61400BD0BDE /* elog.c */,
				D5EF35471399A32500BD0BDE /* alarm.c */,
				D5EF35481399A32500BD0BDE /* midas.c */,
				D5EF35491399A32500BD0BDE /* odb.c */,
				D5EF354A1399A32500BD0BDE /* odbedit.cxx */,
				D5EF354B1399A32500BD0BDE /* system.c */,
			);
			name = "Source Files";
			path = odbedit;
			sourceTree = "<group>";
		};
		D5EF355D1399A8B200BD0BDE /* Header Files */ = {
			isa = PBXGroup;
			children = (
				D5168C4617985ACA0094813D /* git-revision.h */,
				D5EF355E1399A92500BD0BDE /* midas.h */,
				D5EF355F1399A92500BD0BDE /* midasinc.h */,
				D5EF35601399A92500BD0BDE /* msystem.h */,
				D5EF35541399A62100BD0BDE /* mxml.h */,
				D5EF35561399A62100BD0BDE /* strlcpy.h */,
			);
			name = "Header Files";
			path = odbedit;
			sourceTree = "<group>";
		};
/* End PBXGroup section */

/* Begin PBXNativeTarget section */
		D54515A01399A2CA0037D7FB /* odbedit */ = {
			isa = PBXNativeTarget;
			buildConfigurationList = D54515AA1399A2CA0037D7FB /* Build configuration list for PBXNativeTarget "odbedit" */;
			buildPhases = (
				D545159D1399A2CA0037D7FB /* Sources */,
				D545159E1399A2CA0037D7FB /* Frameworks */,
				D545159F1399A2CA0037D7FB /* CopyFiles */,
			);
			buildRules = (
			);
			dependencies = (
			);
			name = odbedit;
			productName = odbedit;
			productReference = D54515A11399A2CA0037D7FB /* odbedit */;
			productType = "com.apple.product-type.tool";
		};
/* End PBXNativeTarget section */

/* Begin PBXProject section */
		D54515981399A2CA0037D7FB /* Project object */ = {
			isa = PBXProject;
			attributes = {
				LastUpgradeCheck = 0500;
				ORGANIZATIONNAME = PSI;
			};
			buildConfigurationList = D545159B1399A2CA0037D7FB /* Build configuration list for PBXProject "odbedit" */;
			compatibilityVersion = "Xcode 3.2";
			developmentRegion = English;
			hasScannedForEncodings = 0;
			knownRegions = (
				en,
			);
			mainGroup = D54515961399A2CA0037D7FB;
			productRefGroup = D54515A21399A2CA0037D7FB /* Products */;
			projectDirPath = "";
			projectRoot = "";
			targets = (
				D54515A01399A2CA0037D7FB /* odbedit */,
			);
		};
/* End PBXProject section */

/* Begin PBXSourcesBuildPhase section */
		D545159D1399A2CA0037D7FB /* Sources */ = {
			isa = PBXSourcesBuildPhase;
			buildActionMask = 2147483647;
			files = (
				D5EF354C1399A32500BD0BDE /* alarm.c in Sources */,
				D5EF354D1399A32500BD0BDE /* midas.c in Sources */,
				D5EF354E1399A32500BD0BDE /* odb.c in Sources */,
				D5310FBF185702FD00004A4D /* json_paste.cxx in Sources */,
				D5EF354F1399A32500BD0BDE /* odbedit.cxx in Sources */,
				D5EAE015185703CC000FD8F3 /* mjson.cxx in Sources */,
				D5EF35501399A32500BD0BDE /* system.c in Sources */,
				D5EF35521399A61400BD0BDE /* elog.c in Sources */,
				D5EF35571399A62100BD0BDE /* mxml.c in Sources */,
				D5EF35581399A62100BD0BDE /* strlcpy.c in Sources */,
				D5EF355A1399A63B00BD0BDE /* mrpc.c in Sources */,
				D5EF355C1399A65100BD0BDE /* cmdedit.cxx in Sources */,
			);
			runOnlyForDeploymentPostprocessing = 0;
		};
/* End PBXSourcesBuildPhase section */

/* Begin XCBuildConfiguration section */
		D54515A81399A2CA0037D7FB /* Debug */ = {
			isa = XCBuildConfiguration;
			buildSettings = {
				CLANG_CXX_LANGUAGE_STANDARD = "gnu++0x";
				CLANG_CXX_LIBRARY = "libc++";
				CLANG_WARN_BOOL_CONVERSION = YES;
				CLANG_WARN_CONSTANT_CONVERSION = YES;
				CLANG_WARN_EMPTY_BODY = YES;
				CLANG_WARN_ENUM_CONVERSION = YES;
				CLANG_WARN_INT_CONVERSION = YES;
				CLANG_WARN__DUPLICATE_METHOD_MATCH = YES;
				GCC_C_LANGUAGE_STANDARD = gnu99;
				GCC_INPUT_FILETYPE = automatic;
				GCC_OPTIMIZATION_LEVEL = 0;
				GCC_PREPROCESSOR_DEFINITIONS = (
					DEBUG,
					OS_LINUX,
					OS_DARWIN,
					USE_POSIX_SHM,
				);
				GCC_SYMBOLS_PRIVATE_EXTERN = NO;
				GCC_VERSION = "";
				GCC_WARN_64_TO_32_BIT_CONVERSION = NO;
				GCC_WARN_ABOUT_RETURN_TYPE = YES;
				GCC_WARN_UNDECLARED_SELECTOR = YES;
				GCC_WARN_UNINITIALIZED_AUTOS = YES;
				GCC_WARN_UNUSED_FUNCTION = YES;
				GCC_WARN_UNUSED_VARIABLE = YES;
				MACOSX_DEPLOYMENT_TARGET = 10.8;
				ONLY_ACTIVE_ARCH = YES;
				SDKROOT = macosx;
			};
			name = Debug;
		};
		D54515A91399A2CA0037D7FB /* Release */ = {
			isa = XCBuildConfiguration;
			buildSettings = {
				CLANG_CXX_LANGUAGE_STANDARD = "gnu++0x";
				CLANG_CXX_LIBRARY = "libc++";
				CLANG_WARN_BOOL_CONVERSION = YES;
				CLANG_WARN_CONSTANT_CONVERSION = YES;
				CLANG_WARN_EMPTY_BODY = YES;
				CLANG_WARN_ENUM_CONVERSION = YES;
				CLANG_WARN_INT_CONVERSION = YES;
				CLANG_WARN__DUPLICATE_METHOD_MATCH = YES;
				GCC_C_LANGUAGE_STANDARD = gnu99;
				GCC_INPUT_FILETYPE = automatic;
				GCC_PREPROCESSOR_DEFINITIONS = (
					OS_LINUX,
					OS_DARWIN,
					USE_POSIX_SHM,
				);
				GCC_VERSION = "";
				GCC_WARN_64_TO_32_BIT_CONVERSION = NO;
				GCC_WARN_ABOUT_RETURN_TYPE = YES;
				GCC_WARN_UNDECLARED_SELECTOR = YES;
				GCC_WARN_UNINITIALIZED_AUTOS = YES;
				GCC_WARN_UNUSED_FUNCTION = YES;
				GCC_WARN_UNUSED_VARIABLE = YES;
				MACOSX_DEPLOYMENT_TARGET = 10.8;
				SDKROOT = macosx;
			};
			name = Release;
		};
		D54515AB1399A2CA0037D7FB /* Debug */ = {
			isa = XCBuildConfiguration;
			buildSettings = {
				ALWAYS_SEARCH_USER_PATHS = NO;
				COPY_PHASE_STRIP = NO;
				GCC_DYNAMIC_NO_PIC = NO;
				GCC_ENABLE_OBJC_EXCEPTIONS = YES;
				GCC_PREPROCESSOR_DEFINITIONS = (
					DEBUG,
					OS_LINUX,
					OS_DARWIN,
				);
				"GCC_PREPROCESSOR_DEFINITIONS[arch=*]" = (
					DEBUG,
					OS_LINUX,
					OS_DARWIN,
					USE_POSIX_SHM,
				);
				GCC_WARN_64_TO_32_BIT_CONVERSION = NO;
				HEADER_SEARCH_PATHS = (
					../include/,
					../../mxml/,
				);
				PRODUCT_NAME = "$(TARGET_NAME)";
			};
			name = Debug;
		};
		D54515AC1399A2CA0037D7FB /* Release */ = {
			isa = XCBuildConfiguration;
			buildSettings = {
				ALWAYS_SEARCH_USER_PATHS = NO;
				COPY_PHASE_STRIP = YES;
				DEBUG_INFORMATION_FORMAT = "dwarf-with-dsym";
				GCC_ENABLE_OBJC_EXCEPTIONS = YES;
				GCC_WARN_64_TO_32_BIT_CONVERSION = NO;
				HEADER_SEARCH_PATHS = (
					../include/,
					../../mxml/,
				);
				PRODUCT_NAME = "$(TARGET_NAME)";
			};
			name = Release;
		};
/* End XCBuildConfiguration section */

/* Begin XCConfigurationList section */
		D545159B1399A2CA0037D7FB /* Build configuration list for PBXProject "odbedit" */ = {
			isa = XCConfigurationList;
			buildConfigurations = (
				D54515A81399A2CA0037D7FB /* Debug */,
				D54515A91399A2CA0037D7FB /* Release */,
			);
			defaultConfigurationIsVisible = 0;
			defaultConfigurationName = Release;
		};
		D54515AA1399A2CA0037D7FB /* Build configuration list for PBXNativeTarget "odbedit" */ = {
			isa = XCConfigurationList;
			buildConfigurations = (
				D54515AB1399A2CA0037D7FB /* Debug */,
				D54515AC1399A2CA0037D7FB /* Release */,
			);
			defaultConfigurationIsVisible = 0;
			defaultConfigurationName = Release;
		};
/* End XCConfigurationList section */
	};
	rootObject = D54515981399A2CA0037D7FB /* Project object */;
}
