// !$*UTF8*$!
{
	archiveVersion = 1;
	classes = {
	};
	objectVersion = 46;
	objects = {

/* Begin PBXBuildFile section */
		D5A57222139D642A00B65A0A /* alarm.c in Sources */ = {isa = PBXBuildFile; fileRef = D5A5721C139D642A00B65A0A /* alarm.c */; };
		D5A57223139D642A00B65A0A /* elog.c in Sources */ = {isa = PBXBuildFile; fileRef = D5A5721D139D642A00B65A0A /* elog.c */; };
		D5A57225139D642A00B65A0A /* mrpc.c in Sources */ = {isa = PBXBuildFile; fileRef = D5A5721F139D642A00B65A0A /* mrpc.c */; };
		D5A57226139D642A00B65A0A /* odb.c in Sources */ = {isa = PBXBuildFile; fileRef = D5A57220139D642A00B65A0A /* odb.c */; };
		D5A57227139D642A00B65A0A /* system.c in Sources */ = {isa = PBXBuildFile; fileRef = D5A57221139D642A00B65A0A /* system.c */; };
		D5A5722C139D645500B65A0A /* mxml.c in Sources */ = {isa = PBXBuildFile; fileRef = D5A57228139D645500B65A0A /* mxml.c */; };
		D5A5722D139D645500B65A0A /* strlcpy.c in Sources */ = {isa = PBXBuildFile; fileRef = D5A5722A139D645500B65A0A /* strlcpy.c */; };
		D5A57233139D662F00B65A0A /* mlogger.cxx in Sources */ = {isa = PBXBuildFile; fileRef = D5A57232139D662F00B65A0A /* mlogger.cxx */; };
		D5A57235139D664F00B65A0A /* midas.c in Sources */ = {isa = PBXBuildFile; fileRef = D5A57234139D664F00B65A0A /* midas.c */; };
		D5A57237139D668100B65A0A /* ftplib.c in Sources */ = {isa = PBXBuildFile; fileRef = D5A57236139D668100B65A0A /* ftplib.c */; };
		D5A5723B139D669300B65A0A /* history_midas.cxx in Sources */ = {isa = PBXBuildFile; fileRef = D5A57238139D669300B65A0A /* history_midas.cxx */; };
		D5A5723C139D669300B65A0A /* history_sql.cxx in Sources */ = {isa = PBXBuildFile; fileRef = D5A57239139D669300B65A0A /* history_sql.cxx */; };
		D5A5723D139D669300B65A0A /* history.c in Sources */ = {isa = PBXBuildFile; fileRef = D5A5723A139D669300B65A0A /* history.c */; };
/* End PBXBuildFile section */

/* Begin PBXCopyFilesBuildPhase section */
		D5A5720E139D63EF00B65A0A /* CopyFiles */ = {
			isa = PBXCopyFilesBuildPhase;
			buildActionMask = 2147483647;
			dstPath = /usr/share/man/man1/;
			dstSubfolderSpec = 0;
			files = (
			);
			runOnlyForDeploymentPostprocessing = 1;
		};
/* End PBXCopyFilesBuildPhase section */

/* Begin PBXFileReference section */
		D5A57210139D63EF00B65A0A /* mlogger */ = {isa = PBXFileReference; explicitFileType = "compiled.mach-o.executable"; includeInIndex = 0; path = mlogger; sourceTree = BUILT_PRODUCTS_DIR; };
		D5A5721C139D642A00B65A0A /* alarm.c */ = {isa = PBXFileReference; fileEncoding = 4; lastKnownFileType = sourcecode.c.c; name = alarm.c; path = ../../src/alarm.c; sourceTree = "<group>"; };
		D5A5721D139D642A00B65A0A /* elog.c */ = {isa = PBXFileReference; fileEncoding = 4; lastKnownFileType = sourcecode.c.c; name = elog.c; path = ../../src/elog.c; sourceTree = "<group>"; };
		D5A5721F139D642A00B65A0A /* mrpc.c */ = {isa = PBXFileReference; fileEncoding = 4; lastKnownFileType = sourcecode.c.c; name = mrpc.c; path = ../../src/mrpc.c; sourceTree = "<group>"; };
		D5A57220139D642A00B65A0A /* odb.c */ = {isa = PBXFileReference; fileEncoding = 4; lastKnownFileType = sourcecode.c.c; name = odb.c; path = ../../src/odb.c; sourceTree = "<group>"; };
		D5A57221139D642A00B65A0A /* system.c */ = {isa = PBXFileReference; fileEncoding = 4; lastKnownFileType = sourcecode.c.c; name = system.c; path = ../../src/system.c; sourceTree = "<group>"; };
		D5A57228139D645500B65A0A /* mxml.c */ = {isa = PBXFileReference; fileEncoding = 4; lastKnownFileType = sourcecode.c.c; name = mxml.c; path = ../../../mxml/mxml.c; sourceTree = "<group>"; };
		D5A57229139D645500B65A0A /* mxml.h */ = {isa = PBXFileReference; fileEncoding = 4; lastKnownFileType = sourcecode.c.h; name = mxml.h; path = /mxml/mxml.h; sourceTree = "<absolute>"; };
		D5A5722A139D645500B65A0A /* strlcpy.c */ = {isa = PBXFileReference; fileEncoding = 4; lastKnownFileType = sourcecode.c.c; name = strlcpy.c; path = ../../../mxml/strlcpy.c; sourceTree = "<group>"; };
		D5A5722B139D645500B65A0A /* strlcpy.h */ = {isa = PBXFileReference; fileEncoding = 4; lastKnownFileType = sourcecode.c.h; name = strlcpy.h; path = /mxml/strlcpy.h; sourceTree = "<absolute>"; };
		D5A5722F139D648900B65A0A /* midas.h */ = {isa = PBXFileReference; fileEncoding = 4; lastKnownFileType = sourcecode.c.h; name = midas.h; path = ../../include/midas.h; sourceTree = "<group>"; };
		D5A57230139D648900B65A0A /* midasinc.h */ = {isa = PBXFileReference; fileEncoding = 4; lastKnownFileType = sourcecode.c.h; name = midasinc.h; path = ../../include/midasinc.h; sourceTree = "<group>"; };
		D5A57231139D648900B65A0A /* msystem.h */ = {isa = PBXFileReference; fileEncoding = 4; lastKnownFileType = sourcecode.c.h; name = msystem.h; path = ../../include/msystem.h; sourceTree = "<group>"; };
		D5A57232139D662F00B65A0A /* mlogger.cxx */ = {isa = PBXFileReference; fileEncoding = 4; lastKnownFileType = sourcecode.cpp.cpp; name = mlogger.cxx; path = ../../src/mlogger.cxx; sourceTree = "<group>"; };
		D5A57234139D664F00B65A0A /* midas.c */ = {isa = PBXFileReference; fileEncoding = 4; lastKnownFileType = sourcecode.c.c; name = midas.c; path = ../../src/midas.c; sourceTree = "<group>"; };
		D5A57236139D668100B65A0A /* ftplib.c */ = {isa = PBXFileReference; fileEncoding = 4; lastKnownFileType = sourcecode.c.c; name = ftplib.c; path = ../../src/ftplib.c; sourceTree = "<group>"; };
		D5A57238139D669300B65A0A /* history_midas.cxx */ = {isa = PBXFileReference; fileEncoding = 4; lastKnownFileType = sourcecode.cpp.cpp; name = history_midas.cxx; path = ../../src/history_midas.cxx; sourceTree = "<group>"; };
		D5A57239139D669300B65A0A /* history_sql.cxx */ = {isa = PBXFileReference; fileEncoding = 4; lastKnownFileType = sourcecode.cpp.cpp; name = history_sql.cxx; path = ../../src/history_sql.cxx; sourceTree = "<group>"; };
		D5A5723A139D669300B65A0A /* history.c */ = {isa = PBXFileReference; fileEncoding = 4; lastKnownFileType = sourcecode.c.c; name = history.c; path = ../../src/history.c; sourceTree = "<group>"; };
/* End PBXFileReference section */

/* Begin PBXFrameworksBuildPhase section */
		D5A5720D139D63EF00B65A0A /* Frameworks */ = {
			isa = PBXFrameworksBuildPhase;
			buildActionMask = 2147483647;
			files = (
			);
			runOnlyForDeploymentPostprocessing = 0;
		};
/* End PBXFrameworksBuildPhase section */

/* Begin PBXGroup section */
		D5A57205139D63EF00B65A0A = {
			isa = PBXGroup;
			children = (
				D5A57213139D63EF00B65A0A /* Source Files */,
				D5A5722E139D646100B65A0A /* Header Files */,
				D5A57211139D63EF00B65A0A /* Products */,
			);
			sourceTree = "<group>";
		};
		D5A57211139D63EF00B65A0A /* Products */ = {
			isa = PBXGroup;
			children = (
				D5A57210139D63EF00B65A0A /* mlogger */,
			);
			name = Products;
			sourceTree = "<group>";
		};
		D5A57213139D63EF00B65A0A /* Source Files */ = {
			isa = PBXGroup;
			children = (
				D5A57238139D669300B65A0A /* history_midas.cxx */,
				D5A57239139D669300B65A0A /* history_sql.cxx */,
				D5A5723A139D669300B65A0A /* history.c */,
				D5A57236139D668100B65A0A /* ftplib.c */,
				D5A57234139D664F00B65A0A /* midas.c */,
				D5A57232139D662F00B65A0A /* mlogger.cxx */,
				D5A57228139D645500B65A0A /* mxml.c */,
				D5A5722A139D645500B65A0A /* strlcpy.c */,
				D5A5721C139D642A00B65A0A /* alarm.c */,
				D5A5721D139D642A00B65A0A /* elog.c */,
				D5A5721F139D642A00B65A0A /* mrpc.c */,
				D5A57220139D642A00B65A0A /* odb.c */,
				D5A57221139D642A00B65A0A /* system.c */,
			);
			name = "Source Files";
			path = mlogger;
			sourceTree = "<group>";
		};
		D5A5722E139D646100B65A0A /* Header Files */ = {
			isa = PBXGroup;
			children = (
				D5A5722F139D648900B65A0A /* midas.h */,
				D5A57230139D648900B65A0A /* midasinc.h */,
				D5A57231139D648900B65A0A /* msystem.h */,
				D5A5722B139D645500B65A0A /* strlcpy.h */,
				D5A57229139D645500B65A0A /* mxml.h */,
			);
			name = "Header Files";
			path = mlogger;
			sourceTree = "<group>";
		};
/* End PBXGroup section */

/* Begin PBXNativeTarget section */
		D5A5720F139D63EF00B65A0A /* mlogger */ = {
			isa = PBXNativeTarget;
			buildConfigurationList = D5A57219139D63EF00B65A0A /* Build configuration list for PBXNativeTarget "mlogger" */;
			buildPhases = (
				D5A5720C139D63EF00B65A0A /* Sources */,
				D5A5720D139D63EF00B65A0A /* Frameworks */,
				D5A5720E139D63EF00B65A0A /* CopyFiles */,
			);
			buildRules = (
			);
			dependencies = (
			);
			name = mlogger;
			productName = mlogger;
			productReference = D5A57210139D63EF00B65A0A /* mlogger */;
			productType = "com.apple.product-type.tool";
		};
/* End PBXNativeTarget section */

/* Begin PBXProject section */
		D5A57207139D63EF00B65A0A /* Project object */ = {
			isa = PBXProject;
			attributes = {
				LastUpgradeCheck = 0450;
				ORGANIZATIONNAME = PSI;
			};
			buildConfigurationList = D5A5720A139D63EF00B65A0A /* Build configuration list for PBXProject "mlogger" */;
			compatibilityVersion = "Xcode 3.2";
			developmentRegion = English;
			hasScannedForEncodings = 0;
			knownRegions = (
				en,
			);
			mainGroup = D5A57205139D63EF00B65A0A;
			productRefGroup = D5A57211139D63EF00B65A0A /* Products */;
			projectDirPath = "";
			projectRoot = "";
			targets = (
				D5A5720F139D63EF00B65A0A /* mlogger */,
			);
		};
/* End PBXProject section */

/* Begin PBXSourcesBuildPhase section */
		D5A5720C139D63EF00B65A0A /* Sources */ = {
			isa = PBXSourcesBuildPhase;
			buildActionMask = 2147483647;
			files = (
				D5A57222139D642A00B65A0A /* alarm.c in Sources */,
				D5A57223139D642A00B65A0A /* elog.c in Sources */,
				D5A57225139D642A00B65A0A /* mrpc.c in Sources */,
				D5A57226139D642A00B65A0A /* odb.c in Sources */,
				D5A57227139D642A00B65A0A /* system.c in Sources */,
				D5A5722C139D645500B65A0A /* mxml.c in Sources */,
				D5A5722D139D645500B65A0A /* strlcpy.c in Sources */,
				D5A57233139D662F00B65A0A /* mlogger.cxx in Sources */,
				D5A57235139D664F00B65A0A /* midas.c in Sources */,
				D5A57237139D668100B65A0A /* ftplib.c in Sources */,
				D5A5723B139D669300B65A0A /* history_midas.cxx in Sources */,
				D5A5723C139D669300B65A0A /* history_sql.cxx in Sources */,
				D5A5723D139D669300B65A0A /* history.c in Sources */,
			);
			runOnlyForDeploymentPostprocessing = 0;
		};
/* End PBXSourcesBuildPhase section */

/* Begin XCBuildConfiguration section */
		D5A57217139D63EF00B65A0A /* Debug */ = {
			isa = XCBuildConfiguration;
			buildSettings = {
				ARCHS = "$(ARCHS_STANDARD_32_64_BIT)";
				GCC_C_LANGUAGE_STANDARD = gnu99;
				GCC_OPTIMIZATION_LEVEL = 0;
				GCC_PREPROCESSOR_DEFINITIONS = DEBUG;
				GCC_SYMBOLS_PRIVATE_EXTERN = NO;
				GCC_VERSION = com.apple.compilers.llvm.clang.1_0;
				GCC_WARN_64_TO_32_BIT_CONVERSION = YES;
				GCC_WARN_ABOUT_RETURN_TYPE = YES;
				GCC_WARN_UNUSED_VARIABLE = YES;
				MACOSX_DEPLOYMENT_TARGET = 10.6;
				ONLY_ACTIVE_ARCH = YES;
				SDKROOT = macosx;
			};
			name = Debug;
		};
		D5A57218139D63EF00B65A0A /* Release */ = {
			isa = XCBuildConfiguration;
			buildSettings = {
				ARCHS = "$(ARCHS_STANDARD_32_64_BIT)";
				GCC_C_LANGUAGE_STANDARD = gnu99;
				GCC_VERSION = com.apple.compilers.llvm.clang.1_0;
				GCC_WARN_64_TO_32_BIT_CONVERSION = YES;
				GCC_WARN_ABOUT_RETURN_TYPE = YES;
				GCC_WARN_UNUSED_VARIABLE = YES;
				MACOSX_DEPLOYMENT_TARGET = 10.6;
				SDKROOT = macosx;
			};
			name = Release;
		};
		D5A5721A139D63EF00B65A0A /* Debug */ = {
			isa = XCBuildConfiguration;
			buildSettings = {
				ALWAYS_SEARCH_USER_PATHS = NO;
				COPY_PHASE_STRIP = NO;
				GCC_DYNAMIC_NO_PIC = NO;
				GCC_ENABLE_OBJC_EXCEPTIONS = YES;
				GCC_PREPROCESSOR_DEFINITIONS = (
					HAVE_ZLIB,
					DEBUG,
					OS_LINUX,
					OS_DARWIN,
					USE_POSIX_SHM,
				);
				GCC_WARN_64_TO_32_BIT_CONVERSION = NO;
				HEADER_SEARCH_PATHS = (
					../../mxml,
					../include,
				);
				OTHER_LDFLAGS = "-lz";
				PRODUCT_NAME = "$(TARGET_NAME)";
			};
			name = Debug;
		};
		D5A5721B139D63EF00B65A0A /* Release */ = {
			isa = XCBuildConfiguration;
			buildSettings = {
				ALWAYS_SEARCH_USER_PATHS = NO;
				COPY_PHASE_STRIP = YES;
				DEBUG_INFORMATION_FORMAT = "dwarf-with-dsym";
				GCC_ENABLE_OBJC_EXCEPTIONS = YES;
				GCC_PREPROCESSOR_DEFINITIONS = (
					HAVE_ZLIB,
					OS_LINUX,
					OS_DARWIN,
					USE_POSIX_SHM,
				);
				GCC_WARN_64_TO_32_BIT_CONVERSION = NO;
				HEADER_SEARCH_PATHS = (
					../../mxml,
					../include,
				);
				OTHER_LDFLAGS = "-lz";
				PRODUCT_NAME = "$(TARGET_NAME)";
			};
			name = Release;
		};
/* End XCBuildConfiguration section */

/* Begin XCConfigurationList section */
		D5A5720A139D63EF00B65A0A /* Build configuration list for PBXProject "mlogger" */ = {
			isa = XCConfigurationList;
			buildConfigurations = (
				D5A57217139D63EF00B65A0A /* Debug */,
				D5A57218139D63EF00B65A0A /* Release */,
			);
			defaultConfigurationIsVisible = 0;
			defaultConfigurationName = Release;
		};
		D5A57219139D63EF00B65A0A /* Build configuration list for PBXNativeTarget "mlogger" */ = {
			isa = XCConfigurationList;
			buildConfigurations = (
				D5A5721A139D63EF00B65A0A /* Debug */,
				D5A5721B139D63EF00B65A0A /* Release */,
			);
			defaultConfigurationIsVisible = 0;
			defaultConfigurationName = Release;
		};
/* End XCConfigurationList section */
	};
	rootObject = D5A57207139D63EF00B65A0A /* Project object */;
}
